
Microsoft Visual Studio Solution File, Format Version 12.00
# Visual Studio Version 17
VisualStudioVersion = 17.13.35931.197 d17.13
MinimumVisualStudioVersion = 10.0.40219.1
Project("{FAE04EC0-301F-11D3-BF4B-00C04F79EFBC}") = "EncryptFiles", "EncryptFiles\EncryptFiles.csproj", "{801A8581-FB95-4CF9-8D97-2B082F33A6F0}"
EndProject
Global
	GlobalSection(SolutionConfigurationPlatforms) = preSolution
		Debug|Any CPU = Debug|Any CPU
		Release|Any CPU = Release|Any CPU
	EndGlobalSection
	GlobalSection(ProjectConfigurationPlatforms) = postSolution
		{801A8581-FB95-4CF9-8D97-2B082F33A6F0}.Debug|Any CPU.ActiveCfg = Debug|Any CPU
		{801A8581-FB95-4CF9-8D97-2B082F33A6F0}.Debug|Any CPU.Build.0 = Debug|Any CPU
		{801A8581-FB95-4CF9-8D97-2B082F33A6F0}.Release|Any CPU.ActiveCfg = Release|Any CPU
		{801A8581-FB95-4CF9-8D97-2B082F33A6F0}.Release|Any CPU.Build.0 = Release|Any CPU
	EndGlobalSection
	GlobalSection(SolutionProperties) = preSolution
		HideSolutionNode = FALSE
	EndGlobalSection
	GlobalSection(ExtensibilityGlobals) = postSolution
		SolutionGuid = {237425A9-0F83-45C5-ACFF-7C8524A3832A}
	EndGlobalSection
EndGlobal
